
Microsoft Visual Studio Solution File, Format Version 12.00
# Visual Studio 15
VisualStudioVersion = 15.0.27703.2035
MinimumVisualStudioVersion = 10.0.40219.1
Project("{FAE04EC0-301F-11D3-BF4B-00C04F79EFBC}") = "CardinalEventStationApp.Android", "CardinalEventStationApp\CardinalEventStationApp.Android\CardinalEventStationApp.Android.csproj", "{D8C534C6-6B03-497C-852C-08763A53BA40}"
EndProject
Project("{FAE04EC0-301F-11D3-BF4B-00C04F79EFBC}") = "CardinalEventStationApp.iOS", "CardinalEventStationApp\CardinalEventStationApp.iOS\CardinalEventStationApp.iOS.csproj", "{43731347-E217-4A9D-9A50-47C5A1AC81F8}"
EndProject
Project("{FAE04EC0-301F-11D3-BF4B-00C04F79EFBC}") = "CardinalEventStationApp.UWP", "CardinalEventStationApp\CardinalEventStationApp.UWP\CardinalEventStationApp.UWP.csproj", "{E3EF0F86-AC66-4BF5-8570-47FA7240C345}"
EndProject
Project("{FAE04EC0-301F-11D3-BF4B-00C04F79EFBC}") = "CardinalEventStationApp", "CardinalEventStationApp\CardinalEventStationApp\CardinalEventStationApp.csproj", "{A2CA5C53-675B-4465-A02F-73577CC099F1}"
EndProject
Global
	GlobalSection(SolutionConfigurationPlatforms) = preSolution
		Ad-Hoc|Any CPU = Ad-Hoc|Any CPU
		Ad-Hoc|ARM = Ad-Hoc|ARM
		Ad-Hoc|iPhone = Ad-Hoc|iPhone
		Ad-Hoc|iPhoneSimulator = Ad-Hoc|iPhoneSimulator
		Ad-Hoc|x64 = Ad-Hoc|x64
		Ad-Hoc|x86 = Ad-Hoc|x86
		AppStore|Any CPU = AppStore|Any CPU
		AppStore|ARM = AppStore|ARM
		AppStore|iPhone = AppStore|iPhone
		AppStore|iPhoneSimulator = AppStore|iPhoneSimulator
		AppStore|x64 = AppStore|x64
		AppStore|x86 = AppStore|x86
		Debug|Any CPU = Debug|Any CPU
		Debug|ARM = Debug|ARM
		Debug|iPhone = Debug|iPhone
		Debug|iPhoneSimulator = Debug|iPhoneSimulator
		Debug|x64 = Debug|x64
		Debug|x86 = Debug|x86
		Release|Any CPU = Release|Any CPU
		Release|ARM = Release|ARM
		Release|iPhone = Release|iPhone
		Release|iPhoneSimulator = Release|iPhoneSimulator
		Release|x64 = Release|x64
		Release|x86 = Release|x86
	EndGlobalSection
	GlobalSection(ProjectConfigurationPlatforms) = postSolution
		{D8C534C6-6B03-497C-852C-08763A53BA40}.Ad-Hoc|Any CPU.ActiveCfg = Release|Any CPU
		{D8C534C6-6B03-497C-852C-08763A53BA40}.Ad-Hoc|Any CPU.Build.0 = Release|Any CPU
		{D8C534C6-6B03-497C-852C-08763A53BA40}.Ad-Hoc|Any CPU.Deploy.0 = Release|Any CPU
		{D8C534C6-6B03-497C-852C-08763A53BA40}.Ad-Hoc|ARM.ActiveCfg = Release|Any CPU
		{D8C534C6-6B03-497C-852C-08763A53BA40}.Ad-Hoc|ARM.Build.0 = Release|Any CPU
		{D8C534C6-6B03-497C-852C-08763A53BA40}.Ad-Hoc|ARM.Deploy.0 = Release|Any CPU
		{D8C534C6-6B03-497C-852C-08763A53BA40}.Ad-Hoc|iPhone.ActiveCfg = Release|Any CPU
		{D8C534C6-6B03-497C-852C-08763A53BA40}.Ad-Hoc|iPhone.Build.0 = Release|Any CPU
		{D8C534C6-6B03-497C-852C-08763A53BA40}.Ad-Hoc|iPhone.Deploy.0 = Release|Any CPU
		{D8C534C6-6B03-497C-852C-08763A53BA40}.Ad-Hoc|iPhoneSimulator.ActiveCfg = Release|Any CPU
		{D8C534C6-6B03-497C-852C-08763A53BA40}.Ad-Hoc|iPhoneSimulator.Build.0 = Release|Any CPU
		{D8C534C6-6B03-497C-852C-08763A53BA40}.Ad-Hoc|iPhoneSimulator.Deploy.0 = Release|Any CPU
		{D8C534C6-6B03-497C-852C-08763A53BA40}.Ad-Hoc|x64.ActiveCfg = Release|Any CPU
		{D8C534C6-6B03-497C-852C-08763A53BA40}.Ad-Hoc|x64.Build.0 = Release|Any CPU
		{D8C534C6-6B03-497C-852C-08763A53BA40}.Ad-Hoc|x64.Deploy.0 = Release|Any CPU
		{D8C534C6-6B03-497C-852C-08763A53BA40}.Ad-Hoc|x86.ActiveCfg = Release|Any CPU
		{D8C534C6-6B03-497C-852C-08763A53BA40}.Ad-Hoc|x86.Build.0 = Release|Any CPU
		{D8C534C6-6B03-497C-852C-08763A53BA40}.Ad-Hoc|x86.Deploy.0 = Release|Any CPU
		{D8C534C6-6B03-497C-852C-08763A53BA40}.AppStore|Any CPU.ActiveCfg = Release|Any CPU
		{D8C534C6-6B03-497C-852C-08763A53BA40}.AppStore|Any CPU.Build.0 = Release|Any CPU
		{D8C534C6-6B03-497C-852C-08763A53BA40}.AppStore|Any CPU.Deploy.0 = Release|Any CPU
		{D8C534C6-6B03-497C-852C-08763A53BA40}.AppStore|ARM.ActiveCfg = Release|Any CPU
		{D8C534C6-6B03-497C-852C-08763A53BA40}.AppStore|ARM.Build.0 = Release|Any CPU
		{D8C534C6-6B03-497C-852C-08763A53BA40}.AppStore|ARM.Deploy.0 = Release|Any CPU
		{D8C534C6-6B03-497C-852C-08763A53BA40}.AppStore|iPhone.ActiveCfg = Release|Any CPU
		{D8C534C6-6B03-497C-852C-08763A53BA40}.AppStore|iPhone.Build.0 = Release|Any CPU
		{D8C534C6-6B03-497C-852C-08763A53BA40}.AppStore|iPhone.Deploy.0 = Release|Any CPU
		{D8C534C6-6B03-497C-852C-08763A53BA40}.AppStore|iPhoneSimulator.ActiveCfg = Release|Any CPU
		{D8C534C6-6B03-497C-852C-08763A53BA40}.AppStore|iPhoneSimulator.Build.0 = Release|Any CPU
		{D8C534C6-6B03-497C-852C-08763A53BA40}.AppStore|iPhoneSimulator.Deploy.0 = Release|Any CPU
		{D8C534C6-6B03-497C-852C-08763A53BA40}.AppStore|x64.ActiveCfg = Release|Any CPU
		{D8C534C6-6B03-497C-852C-08763A53BA40}.AppStore|x64.Build.0 = Release|Any CPU
		{D8C534C6-6B03-497C-852C-08763A53BA40}.AppStore|x64.Deploy.0 = Release|Any CPU
		{D8C534C6-6B03-497C-852C-08763A53BA40}.AppStore|x86.ActiveCfg = Release|Any CPU
		{D8C534C6-6B03-497C-852C-08763A53BA40}.AppStore|x86.Build.0 = Release|Any CPU
		{D8C534C6-6B03-497C-852C-08763A53BA40}.AppStore|x86.Deploy.0 = Release|Any CPU
		{D8C534C6-6B03-497C-852C-08763A53BA40}.Debug|Any CPU.ActiveCfg = Debug|Any CPU
		{D8C534C6-6B03-497C-852C-08763A53BA40}.Debug|Any CPU.Build.0 = Debug|Any CPU
		{D8C534C6-6B03-497C-852C-08763A53BA40}.Debug|Any CPU.Deploy.0 = Debug|Any CPU
		{D8C534C6-6B03-497C-852C-08763A53BA40}.Debug|ARM.ActiveCfg = Debug|Any CPU
		{D8C534C6-6B03-497C-852C-08763A53BA40}.Debug|ARM.Build.0 = Debug|Any CPU
		{D8C534C6-6B03-497C-852C-08763A53BA40}.Debug|ARM.Deploy.0 = Debug|Any CPU
		{D8C534C6-6B03-497C-852C-08763A53BA40}.Debug|iPhone.ActiveCfg = Debug|Any CPU
		{D8C534C6-6B03-497C-852C-08763A53BA40}.Debug|iPhone.Build.0 = Debug|Any CPU
		{D8C534C6-6B03-497C-852C-08763A53BA40}.Debug|iPhone.Deploy.0 = Debug|Any CPU
		{D8C534C6-6B03-497C-852C-08763A53BA40}.Debug|iPhoneSimulator.ActiveCfg = Debug|Any CPU
		{D8C534C6-6B03-497C-852C-08763A53BA40}.Debug|iPhoneSimulator.Build.0 = Debug|Any CPU
		{D8C534C6-6B03-497C-852C-08763A53BA40}.Debug|iPhoneSimulator.Deploy.0 = Debug|Any CPU
		{D8C534C6-6B03-497C-852C-08763A53BA40}.Debug|x64.ActiveCfg = Debug|Any CPU
		{D8C534C6-6B03-497C-852C-08763A53BA40}.Debug|x64.Build.0 = Debug|Any CPU
		{D8C534C6-6B03-497C-852C-08763A53BA40}.Debug|x64.Deploy.0 = Debug|Any CPU
		{D8C534C6-6B03-497C-852C-08763A53BA40}.Debug|x86.ActiveCfg = Debug|Any CPU
		{D8C534C6-6B03-497C-852C-08763A53BA40}.Debug|x86.Build.0 = Debug|Any CPU
		{D8C534C6-6B03-497C-852C-08763A53BA40}.Debug|x86.Deploy.0 = Debug|Any CPU
		{D8C534C6-6B03-497C-852C-08763A53BA40}.Release|Any CPU.ActiveCfg = Release|Any CPU
		{D8C534C6-6B03-497C-852C-08763A53BA40}.Release|Any CPU.Build.0 = Release|Any CPU
		{D8C534C6-6B03-497C-852C-08763A53BA40}.Release|Any CPU.Deploy.0 = Release|Any CPU
		{D8C534C6-6B03-497C-852C-08763A53BA40}.Release|ARM.ActiveCfg = Release|Any CPU
		{D8C534C6-6B03-497C-852C-08763A53BA40}.Release|ARM.Build.0 = Release|Any CPU
		{D8C534C6-6B03-497C-852C-08763A53BA40}.Release|ARM.Deploy.0 = Release|Any CPU
		{D8C534C6-6B03-497C-852C-08763A53BA40}.Release|iPhone.ActiveCfg = Release|Any CPU
		{D8C534C6-6B03-497C-852C-08763A53BA40}.Release|iPhone.Build.0 = Release|Any CPU
		{D8C534C6-6B03-497C-852C-08763A53BA40}.Release|iPhone.Deploy.0 = Release|Any CPU
		{D8C534C6-6B03-497C-852C-08763A53BA40}.Release|iPhoneSimulator.ActiveCfg = Release|Any CPU
		{D8C534C6-6B03-497C-852C-08763A53BA40}.Release|iPhoneSimulator.Build.0 = Release|Any CPU
		{D8C534C6-6B03-497C-852C-08763A53BA40}.Release|iPhoneSimulator.Deploy.0 = Release|Any CPU
		{D8C534C6-6B03-497C-852C-08763A53BA40}.Release|x64.ActiveCfg = Release|Any CPU
		{D8C534C6-6B03-497C-852C-08763A53BA40}.Release|x64.Build.0 = Release|Any CPU
		{D8C534C6-6B03-497C-852C-08763A53BA40}.Release|x64.Deploy.0 = Release|Any CPU
		{D8C534C6-6B03-497C-852C-08763A53BA40}.Release|x86.ActiveCfg = Release|Any CPU
		{D8C534C6-6B03-497C-852C-08763A53BA40}.Release|x86.Build.0 = Release|Any CPU
		{D8C534C6-6B03-497C-852C-08763A53BA40}.Release|x86.Deploy.0 = Release|Any CPU
		{43731347-E217-4A9D-9A50-47C5A1AC81F8}.Ad-Hoc|Any CPU.ActiveCfg = Ad-Hoc|iPhone
		{43731347-E217-4A9D-9A50-47C5A1AC81F8}.Ad-Hoc|Any CPU.Build.0 = Ad-Hoc|iPhone
		{43731347-E217-4A9D-9A50-47C5A1AC81F8}.Ad-Hoc|Any CPU.Deploy.0 = Ad-Hoc|iPhone
		{43731347-E217-4A9D-9A50-47C5A1AC81F8}.Ad-Hoc|ARM.ActiveCfg = Ad-Hoc|iPhone
		{43731347-E217-4A9D-9A50-47C5A1AC81F8}.Ad-Hoc|ARM.Build.0 = Ad-Hoc|iPhone
		{43731347-E217-4A9D-9A50-47C5A1AC81F8}.Ad-Hoc|ARM.Deploy.0 = Ad-Hoc|iPhone
		{43731347-E217-4A9D-9A50-47C5A1AC81F8}.Ad-Hoc|iPhone.ActiveCfg = Ad-Hoc|iPhone
		{43731347-E217-4A9D-9A50-47C5A1AC81F8}.Ad-Hoc|iPhone.Build.0 = Ad-Hoc|iPhone
		{43731347-E217-4A9D-9A50-47C5A1AC81F8}.Ad-Hoc|iPhone.Deploy.0 = Ad-Hoc|iPhone
		{43731347-E217-4A9D-9A50-47C5A1AC81F8}.Ad-Hoc|iPhoneSimulator.ActiveCfg = Ad-Hoc|iPhoneSimulator
		{43731347-E217-4A9D-9A50-47C5A1AC81F8}.Ad-Hoc|iPhoneSimulator.Build.0 = Ad-Hoc|iPhoneSimulator
		{43731347-E217-4A9D-9A50-47C5A1AC81F8}.Ad-Hoc|iPhoneSimulator.Deploy.0 = Ad-Hoc|iPhoneSimulator
		{43731347-E217-4A9D-9A50-47C5A1AC81F8}.Ad-Hoc|x64.ActiveCfg = Ad-Hoc|iPhone
		{43731347-E217-4A9D-9A50-47C5A1AC81F8}.Ad-Hoc|x64.Build.0 = Ad-Hoc|iPhone
		{43731347-E217-4A9D-9A50-47C5A1AC81F8}.Ad-Hoc|x64.Deploy.0 = Ad-Hoc|iPhone
		{43731347-E217-4A9D-9A50-47C5A1AC81F8}.Ad-Hoc|x86.ActiveCfg = Ad-Hoc|iPhone
		{43731347-E217-4A9D-9A50-47C5A1AC81F8}.Ad-Hoc|x86.Build.0 = Ad-Hoc|iPhone
		{43731347-E217-4A9D-9A50-47C5A1AC81F8}.Ad-Hoc|x86.Deploy.0 = Ad-Hoc|iPhone
		{43731347-E217-4A9D-9A50-47C5A1AC81F8}.AppStore|Any CPU.ActiveCfg = AppStore|iPhone
		{43731347-E217-4A9D-9A50-47C5A1AC81F8}.AppStore|Any CPU.Build.0 = AppStore|iPhone
		{43731347-E217-4A9D-9A50-47C5A1AC81F8}.AppStore|Any CPU.Deploy.0 = AppStore|iPhone
		{43731347-E217-4A9D-9A50-47C5A1AC81F8}.AppStore|ARM.ActiveCfg = AppStore|iPhone
		{43731347-E217-4A9D-9A50-47C5A1AC81F8}.AppStore|ARM.Build.0 = AppStore|iPhone
		{43731347-E217-4A9D-9A50-47C5A1AC81F8}.AppStore|ARM.Deploy.0 = AppStore|iPhone
		{43731347-E217-4A9D-9A50-47C5A1AC81F8}.AppStore|iPhone.ActiveCfg = AppStore|iPhone
		{43731347-E217-4A9D-9A50-47C5A1AC81F8}.AppStore|iPhone.Build.0 = AppStore|iPhone
		{43731347-E217-4A9D-9A50-47C5A1AC81F8}.AppStore|iPhone.Deploy.0 = AppStore|iPhone
		{43731347-E217-4A9D-9A50-47C5A1AC81F8}.AppStore|iPhoneSimulator.ActiveCfg = AppStore|iPhoneSimulator
		{43731347-E217-4A9D-9A50-47C5A1AC81F8}.AppStore|iPhoneSimulator.Build.0 = AppStore|iPhoneSimulator
		{43731347-E217-4A9D-9A50-47C5A1AC81F8}.AppStore|iPhoneSimulator.Deploy.0 = AppStore|iPhoneSimulator
		{43731347-E217-4A9D-9A50-47C5A1AC81F8}.AppStore|x64.ActiveCfg = AppStore|iPhone
		{43731347-E217-4A9D-9A50-47C5A1AC81F8}.AppStore|x64.Build.0 = AppStore|iPhone
		{43731347-E217-4A9D-9A50-47C5A1AC81F8}.AppStore|x64.Deploy.0 = AppStore|iPhone
		{43731347-E217-4A9D-9A50-47C5A1AC81F8}.AppStore|x86.ActiveCfg = AppStore|iPhone
		{43731347-E217-4A9D-9A50-47C5A1AC81F8}.AppStore|x86.Build.0 = AppStore|iPhone
		{43731347-E217-4A9D-9A50-47C5A1AC81F8}.AppStore|x86.Deploy.0 = AppStore|iPhone
		{43731347-E217-4A9D-9A50-47C5A1AC81F8}.Debug|Any CPU.ActiveCfg = Debug|iPhoneSimulator
		{43731347-E217-4A9D-9A50-47C5A1AC81F8}.Debug|Any CPU.Build.0 = Debug|iPhoneSimulator
		{43731347-E217-4A9D-9A50-47C5A1AC81F8}.Debug|Any CPU.Deploy.0 = Debug|iPhoneSimulator
		{43731347-E217-4A9D-9A50-47C5A1AC81F8}.Debug|ARM.ActiveCfg = Debug|iPhone
		{43731347-E217-4A9D-9A50-47C5A1AC81F8}.Debug|ARM.Build.0 = Debug|iPhone
		{43731347-E217-4A9D-9A50-47C5A1AC81F8}.Debug|ARM.Deploy.0 = Debug|iPhone
		{43731347-E217-4A9D-9A50-47C5A1AC81F8}.Debug|iPhone.ActiveCfg = Debug|iPhone
		{43731347-E217-4A9D-9A50-47C5A1AC81F8}.Debug|iPhone.Build.0 = Debug|iPhone
		{43731347-E217-4A9D-9A50-47C5A1AC81F8}.Debug|iPhone.Deploy.0 = Debug|iPhone
		{43731347-E217-4A9D-9A50-47C5A1AC81F8}.Debug|iPhoneSimulator.ActiveCfg = Debug|iPhoneSimulator
		{43731347-E217-4A9D-9A50-47C5A1AC81F8}.Debug|iPhoneSimulator.Build.0 = Debug|iPhoneSimulator
		{43731347-E217-4A9D-9A50-47C5A1AC81F8}.Debug|iPhoneSimulator.Deploy.0 = Debug|iPhoneSimulator
		{43731347-E217-4A9D-9A50-47C5A1AC81F8}.Debug|x64.ActiveCfg = Debug|iPhone
		{43731347-E217-4A9D-9A50-47C5A1AC81F8}.Debug|x64.Build.0 = Debug|iPhone
		{43731347-E217-4A9D-9A50-47C5A1AC81F8}.Debug|x64.Deploy.0 = Debug|iPhone
		{43731347-E217-4A9D-9A50-47C5A1AC81F8}.Debug|x86.ActiveCfg = Debug|iPhone
		{43731347-E217-4A9D-9A50-47C5A1AC81F8}.Debug|x86.Build.0 = Debug|iPhone
		{43731347-E217-4A9D-9A50-47C5A1AC81F8}.Debug|x86.Deploy.0 = Debug|iPhone
		{43731347-E217-4A9D-9A50-47C5A1AC81F8}.Release|Any CPU.ActiveCfg = Release|iPhone
		{43731347-E217-4A9D-9A50-47C5A1AC81F8}.Release|Any CPU.Build.0 = Release|iPhone
		{43731347-E217-4A9D-9A50-47C5A1AC81F8}.Release|Any CPU.Deploy.0 = Release|iPhone
		{43731347-E217-4A9D-9A50-47C5A1AC81F8}.Release|ARM.ActiveCfg = Release|iPhone
		{43731347-E217-4A9D-9A50-47C5A1AC81F8}.Release|ARM.Build.0 = Release|iPhone
		{43731347-E217-4A9D-9A50-47C5A1AC81F8}.Release|ARM.Deploy.0 = Release|iPhone
		{43731347-E217-4A9D-9A50-47C5A1AC81F8}.Release|iPhone.ActiveCfg = Release|iPhone
		{43731347-E217-4A9D-9A50-47C5A1AC81F8}.Release|iPhone.Build.0 = Release|iPhone
		{43731347-E217-4A9D-9A50-47C5A1AC81F8}.Release|iPhone.Deploy.0 = Release|iPhone
		{43731347-E217-4A9D-9A50-47C5A1AC81F8}.Release|iPhoneSimulator.ActiveCfg = Release|iPhoneSimulator
		{43731347-E217-4A9D-9A50-47C5A1AC81F8}.Release|iPhoneSimulator.Build.0 = Release|iPhoneSimulator
		{43731347-E217-4A9D-9A50-47C5A1AC81F8}.Release|iPhoneSimulator.Deploy.0 = Release|iPhoneSimulator
		{43731347-E217-4A9D-9A50-47C5A1AC81F8}.Release|x64.ActiveCfg = Release|iPhone
		{43731347-E217-4A9D-9A50-47C5A1AC81F8}.Release|x64.Build.0 = Release|iPhone
		{43731347-E217-4A9D-9A50-47C5A1AC81F8}.Release|x64.Deploy.0 = Release|iPhone
		{43731347-E217-4A9D-9A50-47C5A1AC81F8}.Release|x86.ActiveCfg = Release|iPhone
		{43731347-E217-4A9D-9A50-47C5A1AC81F8}.Release|x86.Build.0 = Release|iPhone
		{43731347-E217-4A9D-9A50-47C5A1AC81F8}.Release|x86.Deploy.0 = Release|iPhone
		{E3EF0F86-AC66-4BF5-8570-47FA7240C345}.Ad-Hoc|Any CPU.ActiveCfg = Release|x86
		{E3EF0F86-AC66-4BF5-8570-47FA7240C345}.Ad-Hoc|Any CPU.Build.0 = Release|x86
		{E3EF0F86-AC66-4BF5-8570-47FA7240C345}.Ad-Hoc|Any CPU.Deploy.0 = Release|x86
		{E3EF0F86-AC66-4BF5-8570-47FA7240C345}.Ad-Hoc|ARM.ActiveCfg = Release|ARM
		{E3EF0F86-AC66-4BF5-8570-47FA7240C345}.Ad-Hoc|ARM.Build.0 = Release|ARM
		{E3EF0F86-AC66-4BF5-8570-47FA7240C345}.Ad-Hoc|ARM.Deploy.0 = Release|ARM
		{E3EF0F86-AC66-4BF5-8570-47FA7240C345}.Ad-Hoc|iPhone.ActiveCfg = Release|x86
		{E3EF0F86-AC66-4BF5-8570-47FA7240C345}.Ad-Hoc|iPhone.Build.0 = Release|x86
		{E3EF0F86-AC66-4BF5-8570-47FA7240C345}.Ad-Hoc|iPhone.Deploy.0 = Release|x86
		{E3EF0F86-AC66-4BF5-8570-47FA7240C345}.Ad-Hoc|iPhoneSimulator.ActiveCfg = Release|x86
		{E3EF0F86-AC66-4BF5-8570-47FA7240C345}.Ad-Hoc|iPhoneSimulator.Build.0 = Release|x86
		{E3EF0F86-AC66-4BF5-8570-47FA7240C345}.Ad-Hoc|iPhoneSimulator.Deploy.0 = Release|x86
		{E3EF0F86-AC66-4BF5-8570-47FA7240C345}.Ad-Hoc|x64.ActiveCfg = Release|x64
		{E3EF0F86-AC66-4BF5-8570-47FA7240C345}.Ad-Hoc|x64.Build.0 = Release|x64
		{E3EF0F86-AC66-4BF5-8570-47FA7240C345}.Ad-Hoc|x64.Deploy.0 = Release|x64
		{E3EF0F86-AC66-4BF5-8570-47FA7240C345}.Ad-Hoc|x86.ActiveCfg = Release|x86
		{E3EF0F86-AC66-4BF5-8570-47FA7240C345}.Ad-Hoc|x86.Build.0 = Release|x86
		{E3EF0F86-AC66-4BF5-8570-47FA7240C345}.Ad-Hoc|x86.Deploy.0 = Release|x86
		{E3EF0F86-AC66-4BF5-8570-47FA7240C345}.AppStore|Any CPU.ActiveCfg = Release|x86
		{E3EF0F86-AC66-4BF5-8570-47FA7240C345}.AppStore|Any CPU.Build.0 = Release|x86
		{E3EF0F86-AC66-4BF5-8570-47FA7240C345}.AppStore|Any CPU.Deploy.0 = Release|x86
		{E3EF0F86-AC66-4BF5-8570-47FA7240C345}.AppStore|ARM.ActiveCfg = Release|ARM
		{E3EF0F86-AC66-4BF5-8570-47FA7240C345}.AppStore|ARM.Build.0 = Release|ARM
		{E3EF0F86-AC66-4BF5-8570-47FA7240C345}.AppStore|ARM.Deploy.0 = Release|ARM
		{E3EF0F86-AC66-4BF5-8570-47FA7240C345}.AppStore|iPhone.ActiveCfg = Release|x86
		{E3EF0F86-AC66-4BF5-8570-47FA7240C345}.AppStore|iPhone.Build.0 = Release|x86
		{E3EF0F86-AC66-4BF5-8570-47FA7240C345}.AppStore|iPhone.Deploy.0 = Release|x86
		{E3EF0F86-AC66-4BF5-8570-47FA7240C345}.AppStore|iPhoneSimulator.ActiveCfg = Release|x86
		{E3EF0F86-AC66-4BF5-8570-47FA7240C345}.AppStore|iPhoneSimulator.Build.0 = Release|x86
		{E3EF0F86-AC66-4BF5-8570-47FA7240C345}.AppStore|iPhoneSimulator.Deploy.0 = Release|x86
		{E3EF0F86-AC66-4BF5-8570-47FA7240C345}.AppStore|x64.ActiveCfg = Release|x64
		{E3EF0F86-AC66-4BF5-8570-47FA7240C345}.AppStore|x64.Build.0 = Release|x64
		{E3EF0F86-AC66-4BF5-8570-47FA7240C345}.AppStore|x64.Deploy.0 = Release|x64
		{E3EF0F86-AC66-4BF5-8570-47FA7240C345}.AppStore|x86.ActiveCfg = Release|x86
		{E3EF0F86-AC66-4BF5-8570-47FA7240C345}.AppStore|x86.Build.0 = Release|x86
		{E3EF0F86-AC66-4BF5-8570-47FA7240C345}.AppStore|x86.Deploy.0 = Release|x86
		{E3EF0F86-AC66-4BF5-8570-47FA7240C345}.Debug|Any CPU.ActiveCfg = Debug|x86
		{E3EF0F86-AC66-4BF5-8570-47FA7240C345}.Debug|Any CPU.Build.0 = Debug|x86
		{E3EF0F86-AC66-4BF5-8570-47FA7240C345}.Debug|Any CPU.Deploy.0 = Debug|x86
		{E3EF0F86-AC66-4BF5-8570-47FA7240C345}.Debug|ARM.ActiveCfg = Debug|ARM
		{E3EF0F86-AC66-4BF5-8570-47FA7240C345}.Debug|ARM.Build.0 = Debug|ARM
		{E3EF0F86-AC66-4BF5-8570-47FA7240C345}.Debug|ARM.Deploy.0 = Debug|ARM
		{E3EF0F86-AC66-4BF5-8570-47FA7240C345}.Debug|iPhone.ActiveCfg = Debug|x86
		{E3EF0F86-AC66-4BF5-8570-47FA7240C345}.Debug|iPhone.Build.0 = Debug|x86
		{E3EF0F86-AC66-4BF5-8570-47FA7240C345}.Debug|iPhone.Deploy.0 = Debug|x86
		{E3EF0F86-AC66-4BF5-8570-47FA7240C345}.Debug|iPhoneSimulator.ActiveCfg = Debug|x86
		{E3EF0F86-AC66-4BF5-8570-47FA7240C345}.Debug|iPhoneSimulator.Build.0 = Debug|x86
		{E3EF0F86-AC66-4BF5-8570-47FA7240C345}.Debug|iPhoneSimulator.Deploy.0 = Debug|x86
		{E3EF0F86-AC66-4BF5-8570-47FA7240C345}.Debug|x64.ActiveCfg = Debug|x64
		{E3EF0F86-AC66-4BF5-8570-47FA7240C345}.Debug|x64.Build.0 = Debug|x64
		{E3EF0F86-AC66-4BF5-8570-47FA7240C345}.Debug|x64.Deploy.0 = Debug|x64
		{E3EF0F86-AC66-4BF5-8570-47FA7240C345}.Debug|x86.ActiveCfg = Debug|x86
		{E3EF0F86-AC66-4BF5-8570-47FA7240C345}.Debug|x86.Build.0 = Debug|x86
		{E3EF0F86-AC66-4BF5-8570-47FA7240C345}.Debug|x86.Deploy.0 = Debug|x86
		{E3EF0F86-AC66-4BF5-8570-47FA7240C345}.Release|Any CPU.ActiveCfg = Release|x86
		{E3EF0F86-AC66-4BF5-8570-47FA7240C345}.Release|Any CPU.Build.0 = Release|x86
		{E3EF0F86-AC66-4BF5-8570-47FA7240C345}.Release|Any CPU.Deploy.0 = Release|x86
		{E3EF0F86-AC66-4BF5-8570-47FA7240C345}.Release|ARM.ActiveCfg = Release|ARM
		{E3EF0F86-AC66-4BF5-8570-47FA7240C345}.Release|ARM.Build.0 = Release|ARM
		{E3EF0F86-AC66-4BF5-8570-47FA7240C345}.Release|ARM.Deploy.0 = Release|ARM
		{E3EF0F86-AC66-4BF5-8570-47FA7240C345}.Release|iPhone.ActiveCfg = Release|x86
		{E3EF0F86-AC66-4BF5-8570-47FA7240C345}.Release|iPhone.Build.0 = Release|x86
		{E3EF0F86-AC66-4BF5-8570-47FA7240C345}.Release|iPhone.Deploy.0 = Release|x86
		{E3EF0F86-AC66-4BF5-8570-47FA7240C345}.Release|iPhoneSimulator.ActiveCfg = Release|x86
		{E3EF0F86-AC66-4BF5-8570-47FA7240C345}.Release|iPhoneSimulator.Build.0 = Release|x86
		{E3EF0F86-AC66-4BF5-8570-47FA7240C345}.Release|iPhoneSimulator.Deploy.0 = Release|x86
		{E3EF0F86-AC66-4BF5-8570-47FA7240C345}.Release|x64.ActiveCfg = Release|x64
		{E3EF0F86-AC66-4BF5-8570-47FA7240C345}.Release|x64.Build.0 = Release|x64
		{E3EF0F86-AC66-4BF5-8570-47FA7240C345}.Release|x64.Deploy.0 = Release|x64
		{E3EF0F86-AC66-4BF5-8570-47FA7240C345}.Release|x86.ActiveCfg = Release|x86
		{E3EF0F86-AC66-4BF5-8570-47FA7240C345}.Release|x86.Build.0 = Release|x86
		{E3EF0F86-AC66-4BF5-8570-47FA7240C345}.Release|x86.Deploy.0 = Release|x86
		{A2CA5C53-675B-4465-A02F-73577CC099F1}.Ad-Hoc|Any CPU.ActiveCfg = Debug|Any CPU
		{A2CA5C53-675B-4465-A02F-73577CC099F1}.Ad-Hoc|Any CPU.Build.0 = Debug|Any CPU
		{A2CA5C53-675B-4465-A02F-73577CC099F1}.Ad-Hoc|Any CPU.Deploy.0 = Debug|Any CPU
		{A2CA5C53-675B-4465-A02F-73577CC099F1}.Ad-Hoc|ARM.ActiveCfg = Debug|Any CPU
		{A2CA5C53-675B-4465-A02F-73577CC099F1}.Ad-Hoc|ARM.Build.0 = Debug|Any CPU
		{A2CA5C53-675B-4465-A02F-73577CC099F1}.Ad-Hoc|ARM.Deploy.0 = Debug|Any CPU
		{A2CA5C53-675B-4465-A02F-73577CC099F1}.Ad-Hoc|iPhone.ActiveCfg = Debug|Any CPU
		{A2CA5C53-675B-4465-A02F-73577CC099F1}.Ad-Hoc|iPhone.Build.0 = Debug|Any CPU
		{A2CA5C53-675B-4465-A02F-73577CC099F1}.Ad-Hoc|iPhone.Deploy.0 = Debug|Any CPU
		{A2CA5C53-675B-4465-A02F-73577CC099F1}.Ad-Hoc|iPhoneSimulator.ActiveCfg = Debug|Any CPU
		{A2CA5C53-675B-4465-A02F-73577CC099F1}.Ad-Hoc|iPhoneSimulator.Build.0 = Debug|Any CPU
		{A2CA5C53-675B-4465-A02F-73577CC099F1}.Ad-Hoc|iPhoneSimulator.Deploy.0 = Debug|Any CPU
		{A2CA5C53-675B-4465-A02F-73577CC099F1}.Ad-Hoc|x64.ActiveCfg = Debug|Any CPU
		{A2CA5C53-675B-4465-A02F-73577CC099F1}.Ad-Hoc|x64.Build.0 = Debug|Any CPU
		{A2CA5C53-675B-4465-A02F-73577CC099F1}.Ad-Hoc|x64.Deploy.0 = Debug|Any CPU
		{A2CA5C53-675B-4465-A02F-73577CC099F1}.Ad-Hoc|x86.ActiveCfg = Debug|Any CPU
		{A2CA5C53-675B-4465-A02F-73577CC099F1}.Ad-Hoc|x86.Build.0 = Debug|Any CPU
		{A2CA5C53-675B-4465-A02F-73577CC099F1}.Ad-Hoc|x86.Deploy.0 = Debug|Any CPU
		{A2CA5C53-675B-4465-A02F-73577CC099F1}.AppStore|Any CPU.ActiveCfg = Debug|Any CPU
		{A2CA5C53-675B-4465-A02F-73577CC099F1}.AppStore|Any CPU.Build.0 = Debug|Any CPU
		{A2CA5C53-675B-4465-A02F-73577CC099F1}.AppStore|Any CPU.Deploy.0 = Debug|Any CPU
		{A2CA5C53-675B-4465-A02F-73577CC099F1}.AppStore|ARM.ActiveCfg = Debug|Any CPU
		{A2CA5C53-675B-4465-A02F-73577CC099F1}.AppStore|ARM.Build.0 = Debug|Any CPU
		{A2CA5C53-675B-4465-A02F-73577CC099F1}.AppStore|ARM.Deploy.0 = Debug|Any CPU
		{A2CA5C53-675B-4465-A02F-73577CC099F1}.AppStore|iPhone.ActiveCfg = Debug|Any CPU
		{A2CA5C53-675B-4465-A02F-73577CC099F1}.AppStore|iPhone.Build.0 = Debug|Any CPU
		{A2CA5C53-675B-4465-A02F-73577CC099F1}.AppStore|iPhone.Deploy.0 = Debug|Any CPU
		{A2CA5C53-675B-4465-A02F-73577CC099F1}.AppStore|iPhoneSimulator.ActiveCfg = Debug|Any CPU
		{A2CA5C53-675B-4465-A02F-73577CC099F1}.AppStore|iPhoneSimulator.Build.0 = Debug|Any CPU
		{A2CA5C53-675B-4465-A02F-73577CC099F1}.AppStore|iPhoneSimulator.Deploy.0 = Debug|Any CPU
		{A2CA5C53-675B-4465-A02F-73577CC099F1}.AppStore|x64.ActiveCfg = Debug|Any CPU
		{A2CA5C53-675B-4465-A02F-73577CC099F1}.AppStore|x64.Build.0 = Debug|Any CPU
		{A2CA5C53-675B-4465-A02F-73577CC099F1}.AppStore|x64.Deploy.0 = Debug|Any CPU
		{A2CA5C53-675B-4465-A02F-73577CC099F1}.AppStore|x86.ActiveCfg = Debug|Any CPU
		{A2CA5C53-675B-4465-A02F-73577CC099F1}.AppStore|x86.Build.0 = Debug|Any CPU
		{A2CA5C53-675B-4465-A02F-73577CC099F1}.AppStore|x86.Deploy.0 = Debug|Any CPU
		{A2CA5C53-675B-4465-A02F-73577CC099F1}.Debug|Any CPU.ActiveCfg = Debug|Any CPU
		{A2CA5C53-675B-4465-A02F-73577CC099F1}.Debug|Any CPU.Build.0 = Debug|Any CPU
		{A2CA5C53-675B-4465-A02F-73577CC099F1}.Debug|Any CPU.Deploy.0 = Debug|Any CPU
		{A2CA5C53-675B-4465-A02F-73577CC099F1}.Debug|ARM.ActiveCfg = Debug|Any CPU
		{A2CA5C53-675B-4465-A02F-73577CC099F1}.Debug|ARM.Build.0 = Debug|Any CPU
		{A2CA5C53-675B-4465-A02F-73577CC099F1}.Debug|ARM.Deploy.0 = Debug|Any CPU
		{A2CA5C53-675B-4465-A02F-73577CC099F1}.Debug|iPhone.ActiveCfg = Debug|Any CPU
		{A2CA5C53-675B-4465-A02F-73577CC099F1}.Debug|iPhone.Build.0 = Debug|Any CPU
		{A2CA5C53-675B-4465-A02F-73577CC099F1}.Debug|iPhone.Deploy.0 = Debug|Any CPU
		{A2CA5C53-675B-4465-A02F-73577CC099F1}.Debug|iPhoneSimulator.ActiveCfg = Debug|Any CPU
		{A2CA5C53-675B-4465-A02F-73577CC099F1}.Debug|iPhoneSimulator.Build.0 = Debug|Any CPU
		{A2CA5C53-675B-4465-A02F-73577CC099F1}.Debug|iPhoneSimulator.Deploy.0 = Debug|Any CPU
		{A2CA5C53-675B-4465-A02F-73577CC099F1}.Debug|x64.ActiveCfg = Debug|Any CPU
		{A2CA5C53-675B-4465-A02F-73577CC099F1}.Debug|x64.Build.0 = Debug|Any CPU
		{A2CA5C53-675B-4465-A02F-73577CC099F1}.Debug|x64.Deploy.0 = Debug|Any CPU
		{A2CA5C53-675B-4465-A02F-73577CC099F1}.Debug|x86.ActiveCfg = Debug|Any CPU
		{A2CA5C53-675B-4465-A02F-73577CC099F1}.Debug|x86.Build.0 = Debug|Any CPU
		{A2CA5C53-675B-4465-A02F-73577CC099F1}.Debug|x86.Deploy.0 = Debug|Any CPU
		{A2CA5C53-675B-4465-A02F-73577CC099F1}.Release|Any CPU.ActiveCfg = Release|Any CPU
		{A2CA5C53-675B-4465-A02F-73577CC099F1}.Release|Any CPU.Build.0 = Release|Any CPU
		{A2CA5C53-675B-4465-A02F-73577CC099F1}.Release|Any CPU.Deploy.0 = Release|Any CPU
		{A2CA5C53-675B-4465-A02F-73577CC099F1}.Release|ARM.ActiveCfg = Release|Any CPU
		{A2CA5C53-675B-4465-A02F-73577CC099F1}.Release|ARM.Build.0 = Release|Any CPU
		{A2CA5C53-675B-4465-A02F-73577CC099F1}.Release|ARM.Deploy.0 = Release|Any CPU
		{A2CA5C53-675B-4465-A02F-73577CC099F1}.Release|iPhone.ActiveCfg = Release|Any CPU
		{A2CA5C53-675B-4465-A02F-73577CC099F1}.Release|iPhone.Build.0 = Release|Any CPU
		{A2CA5C53-675B-4465-A02F-73577CC099F1}.Release|iPhone.Deploy.0 = Release|Any CPU
		{A2CA5C53-675B-4465-A02F-73577CC099F1}.Release|iPhoneSimulator.ActiveCfg = Release|Any CPU
		{A2CA5C53-675B-4465-A02F-73577CC099F1}.Release|iPhoneSimulator.Build.0 = Release|Any CPU
		{A2CA5C53-675B-4465-A02F-73577CC099F1}.Release|iPhoneSimulator.Deploy.0 = Release|Any CPU
		{A2CA5C53-675B-4465-A02F-73577CC099F1}.Release|x64.ActiveCfg = Release|Any CPU
		{A2CA5C53-675B-4465-A02F-73577CC099F1}.Release|x64.Build.0 = Release|Any CPU
		{A2CA5C53-675B-4465-A02F-73577CC099F1}.Release|x64.Deploy.0 = Release|Any CPU
		{A2CA5C53-675B-4465-A02F-73577CC099F1}.Release|x86.ActiveCfg = Release|Any CPU
		{A2CA5C53-675B-4465-A02F-73577CC099F1}.Release|x86.Build.0 = Release|Any CPU
		{A2CA5C53-675B-4465-A02F-73577CC099F1}.Release|x86.Deploy.0 = Release|Any CPU
	EndGlobalSection
	GlobalSection(SolutionProperties) = preSolution
		HideSolutionNode = FALSE
	EndGlobalSection
	GlobalSection(ExtensibilityGlobals) = postSolution
		SolutionGuid = {2571CB15-23A9-4B3E-9EC7-935E44C35205}
	EndGlobalSection
EndGlobal
